
Microsoft Visual Studio Solution File, Format Version 12.00
# Visual Studio Version 16
VisualStudioVersion = 16.0.31313.79
MinimumVisualStudioVersion = 10.0.40219.1
Project("{FAE04EC0-301F-11D3-BF4B-00C04F79EFBC}") = "GestContact.Web", "GestContact.Web\GestContact.Web.csproj", "{46936B12-D67B-453E-B06C-24F17492055C}"
EndProject
Global
	GlobalSection(SolutionConfigurationPlatforms) = preSolution
		Debug|Any CPU = Debug|Any CPU
		Release|Any CPU = Release|Any CPU
	EndGlobalSection
	GlobalSection(ProjectConfigurationPlatforms) = postSolution
		{46936B12-D67B-453E-B06C-24F17492055C}.Debug|Any CPU.ActiveCfg = Debug|Any CPU
		{46936B12-D67B-453E-B06C-24F17492055C}.Debug|Any CPU.Build.0 = Debug|Any CPU
		{46936B12-D67B-453E-B06C-24F17492055C}.Release|Any CPU.ActiveCfg = Release|Any CPU
		{46936B12-D67B-453E-B06C-24F17492055C}.Release|Any CPU.Build.0 = Release|Any CPU
	EndGlobalSection
	GlobalSection(SolutionProperties) = preSolution
		HideSolutionNode = FALSE
	EndGlobalSection
	GlobalSection(ExtensibilityGlobals) = postSolution
		SolutionGuid = {F85069D4-E643-4E03-B1A3-05CAF707A13F}
	EndGlobalSection
EndGlobal
